
Microsoft Visual Studio Solution File, Format Version 12.00
# Visual Studio 14
VisualStudioVersion = 14.0.25420.1
MinimumVisualStudioVersion = 10.0.40219.1
Project("{8BC9CEB8-8B4A-11D0-8D11-00A0C91BC942}") = "copyInit", "copyInit\copyInit.vcxproj", "{DACB73E5-6A25-401D-8D11-79687830F9B1}"
EndProject
Project("{8BC9CEB8-8B4A-11D0-8D11-00A0C91BC942}") = "CopyInitTest", "CopyInitTest\CopyInitTest.vcxproj", "{62EB18F7-DDFB-434F-804E-4B3AC3648E05}"
EndProject
Project("{8BC9CEB8-8B4A-11D0-8D11-00A0C91BC942}") = "pointerTest", "pointerTest\pointerTest.vcxproj", "{808E940F-54B8-4247-96CD-D8BF8CBEACB5}"
EndProject
Global
	GlobalSection(SolutionConfigurationPlatforms) = preSolution
		Debug|x64 = Debug|x64
		Debug|x86 = Debug|x86
		Release|x64 = Release|x64
		Release|x86 = Release|x86
	EndGlobalSection
	GlobalSection(ProjectConfigurationPlatforms) = postSolution
		{DACB73E5-6A25-401D-8D11-79687830F9B1}.Debug|x64.ActiveCfg = Debug|x64
		{DACB73E5-6A25-401D-8D11-79687830F9B1}.Debug|x64.Build.0 = Debug|x64
		{DACB73E5-6A25-401D-8D11-79687830F9B1}.Debug|x86.ActiveCfg = Debug|Win32
		{DACB73E5-6A25-401D-8D11-79687830F9B1}.Debug|x86.Build.0 = Debug|Win32
		{DACB73E5-6A25-401D-8D11-79687830F9B1}.Release|x64.ActiveCfg = Release|x64
		{DACB73E5-6A25-401D-8D11-79687830F9B1}.Release|x64.Build.0 = Release|x64
		{DACB73E5-6A25-401D-8D11-79687830F9B1}.Release|x86.ActiveCfg = Release|Win32
		{DACB73E5-6A25-401D-8D11-79687830F9B1}.Release|x86.Build.0 = Release|Win32
		{62EB18F7-DDFB-434F-804E-4B3AC3648E05}.Debug|x64.ActiveCfg = Debug|x64
		{62EB18F7-DDFB-434F-804E-4B3AC3648E05}.Debug|x64.Build.0 = Debug|x64
		{62EB18F7-DDFB-434F-804E-4B3AC3648E05}.Debug|x86.ActiveCfg = Debug|Win32
		{62EB18F7-DDFB-434F-804E-4B3AC3648E05}.Debug|x86.Build.0 = Debug|Win32
		{62EB18F7-DDFB-434F-804E-4B3AC3648E05}.Release|x64.ActiveCfg = Release|x64
		{62EB18F7-DDFB-434F-804E-4B3AC3648E05}.Release|x64.Build.0 = Release|x64
		{62EB18F7-DDFB-434F-804E-4B3AC3648E05}.Release|x86.ActiveCfg = Release|Win32
		{62EB18F7-DDFB-434F-804E-4B3AC3648E05}.Release|x86.Build.0 = Release|Win32
		{808E940F-54B8-4247-96CD-D8BF8CBEACB5}.Debug|x64.ActiveCfg = Debug|x64
		{808E940F-54B8-4247-96CD-D8BF8CBEACB5}.Debug|x64.Build.0 = Debug|x64
		{808E940F-54B8-4247-96CD-D8BF8CBEACB5}.Debug|x86.ActiveCfg = Debug|Win32
		{808E940F-54B8-4247-96CD-D8BF8CBEACB5}.Debug|x86.Build.0 = Debug|Win32
		{808E940F-54B8-4247-96CD-D8BF8CBEACB5}.Release|x64.ActiveCfg = Release|x64
		{808E940F-54B8-4247-96CD-D8BF8CBEACB5}.Release|x64.Build.0 = Release|x64
		{808E940F-54B8-4247-96CD-D8BF8CBEACB5}.Release|x86.ActiveCfg = Release|Win32
		{808E940F-54B8-4247-96CD-D8BF8CBEACB5}.Release|x86.Build.0 = Release|Win32
	EndGlobalSection
	GlobalSection(SolutionProperties) = preSolution
		HideSolutionNode = FALSE
	EndGlobalSection
EndGlobal
